
Microsoft Visual Studio Solution File, Format Version 12.00
# Visual Studio 2012
Project("{FAE04EC0-301F-11D3-BF4B-00C04F79EFBC}") = "RDNation.Droid", "RDNation.Android\RDNation.Droid.csproj", "{5FFE551F-A3F8-4633-A423-472C07C9EBAC}"
EndProject
Project("{FAE04EC0-301F-11D3-BF4B-00C04F79EFBC}") = "RDN.Utilities", "..\RDN.Utilities\RDN.Utilities.csproj", "{AE178407-B8B8-4F97-8613-FB88FEAD17A9}"
EndProject
Project("{FAE04EC0-301F-11D3-BF4B-00C04F79EFBC}") = "RDN.Mobile", "..\RDNation.Mobile\RDN.Mobile.csproj", "{946D7F1E-5C7E-4D64-87AA-CF300E4BA126}"
EndProject
Project("{FAE04EC0-301F-11D3-BF4B-00C04F79EFBC}") = "RDN.Portable", "..\RDN.Portable\RDN.Portable.csproj", "{68721C49-C417-40DE-A445-C4077D9469CB}"
EndProject
Global
	GlobalSection(SolutionConfigurationPlatforms) = preSolution
		Debug|Any CPU = Debug|Any CPU
		Release|Any CPU = Release|Any CPU
	EndGlobalSection
	GlobalSection(ProjectConfigurationPlatforms) = postSolution
		{5FFE551F-A3F8-4633-A423-472C07C9EBAC}.Debug|Any CPU.ActiveCfg = Debug|Any CPU
		{5FFE551F-A3F8-4633-A423-472C07C9EBAC}.Debug|Any CPU.Build.0 = Debug|Any CPU
		{5FFE551F-A3F8-4633-A423-472C07C9EBAC}.Debug|Any CPU.Deploy.0 = Debug|Any CPU
		{5FFE551F-A3F8-4633-A423-472C07C9EBAC}.Release|Any CPU.ActiveCfg = Release|Any CPU
		{5FFE551F-A3F8-4633-A423-472C07C9EBAC}.Release|Any CPU.Build.0 = Release|Any CPU
		{5FFE551F-A3F8-4633-A423-472C07C9EBAC}.Release|Any CPU.Deploy.0 = Release|Any CPU
		{AE178407-B8B8-4F97-8613-FB88FEAD17A9}.Debug|Any CPU.ActiveCfg = Debug|Any CPU
		{AE178407-B8B8-4F97-8613-FB88FEAD17A9}.Debug|Any CPU.Build.0 = Debug|Any CPU
		{AE178407-B8B8-4F97-8613-FB88FEAD17A9}.Release|Any CPU.ActiveCfg = Release|Any CPU
		{AE178407-B8B8-4F97-8613-FB88FEAD17A9}.Release|Any CPU.Build.0 = Release|Any CPU
		{946D7F1E-5C7E-4D64-87AA-CF300E4BA126}.Debug|Any CPU.ActiveCfg = Debug|Any CPU
		{946D7F1E-5C7E-4D64-87AA-CF300E4BA126}.Debug|Any CPU.Build.0 = Debug|Any CPU
		{946D7F1E-5C7E-4D64-87AA-CF300E4BA126}.Release|Any CPU.ActiveCfg = Release|Any CPU
		{946D7F1E-5C7E-4D64-87AA-CF300E4BA126}.Release|Any CPU.Build.0 = Release|Any CPU
		{68721C49-C417-40DE-A445-C4077D9469CB}.Debug|Any CPU.ActiveCfg = Debug|Any CPU
		{68721C49-C417-40DE-A445-C4077D9469CB}.Debug|Any CPU.Build.0 = Debug|Any CPU
		{68721C49-C417-40DE-A445-C4077D9469CB}.Release|Any CPU.ActiveCfg = Release|Any CPU
		{68721C49-C417-40DE-A445-C4077D9469CB}.Release|Any CPU.Build.0 = Release|Any CPU
	EndGlobalSection
	GlobalSection(SolutionProperties) = preSolution
		HideSolutionNode = FALSE
	EndGlobalSection
EndGlobal
