
Microsoft Visual Studio Solution File, Format Version 11.00
# Visual Studio 2010
Project("{FAE04EC0-301F-11D3-BF4B-00C04F79EFBC}") = "RDN.EmailServer", "RDN.EmailServer\RDN.EmailServer.csproj", "{66ED5A96-933E-4B31-BED2-68379640BCA8}"
EndProject
Project("{FAE04EC0-301F-11D3-BF4B-00C04F79EFBC}") = "RDN.Library", "..\RDN.Library\RDN.Library.csproj", "{3E02A029-A093-48FC-B1CC-07F98B3FC056}"
EndProject
Project("{FAE04EC0-301F-11D3-BF4B-00C04F79EFBC}") = "RDN.EmailServerTester", "RDN.EmailServerTester\RDN.EmailServerTester.csproj", "{2D19A9C3-5E60-4FB8-B137-E6E6FC5B246D}"
EndProject
Project("{FAE04EC0-301F-11D3-BF4B-00C04F79EFBC}") = "RDN.Utilities", "..\RDN.Utilities\RDN.Utilities.csproj", "{AE178407-B8B8-4F97-8613-FB88FEAD17A9}"
EndProject
Project("{FAE04EC0-301F-11D3-BF4B-00C04F79EFBC}") = "Scoreboard.Library", "..\RDNScoreboard\RDN.Scoreboard.Library\Scoreboard.Library.csproj", "{AD6CCA72-D788-4104-BF27-61A918C6D1D0}"
EndProject
Global
	GlobalSection(SolutionConfigurationPlatforms) = preSolution
		Debug|Any CPU = Debug|Any CPU
		Debug|Mixed Platforms = Debug|Mixed Platforms
		Debug|x86 = Debug|x86
		Release|Any CPU = Release|Any CPU
		Release|Mixed Platforms = Release|Mixed Platforms
		Release|x86 = Release|x86
	EndGlobalSection
	GlobalSection(ProjectConfigurationPlatforms) = postSolution
		{66ED5A96-933E-4B31-BED2-68379640BCA8}.Debug|Any CPU.ActiveCfg = Debug|x86
		{66ED5A96-933E-4B31-BED2-68379640BCA8}.Debug|Mixed Platforms.ActiveCfg = Debug|x86
		{66ED5A96-933E-4B31-BED2-68379640BCA8}.Debug|Mixed Platforms.Build.0 = Debug|x86
		{66ED5A96-933E-4B31-BED2-68379640BCA8}.Debug|x86.ActiveCfg = Debug|x86
		{66ED5A96-933E-4B31-BED2-68379640BCA8}.Debug|x86.Build.0 = Debug|x86
		{66ED5A96-933E-4B31-BED2-68379640BCA8}.Release|Any CPU.ActiveCfg = Release|x86
		{66ED5A96-933E-4B31-BED2-68379640BCA8}.Release|Mixed Platforms.ActiveCfg = Release|x86
		{66ED5A96-933E-4B31-BED2-68379640BCA8}.Release|Mixed Platforms.Build.0 = Release|x86
		{66ED5A96-933E-4B31-BED2-68379640BCA8}.Release|x86.ActiveCfg = Release|x86
		{66ED5A96-933E-4B31-BED2-68379640BCA8}.Release|x86.Build.0 = Release|x86
		{3E02A029-A093-48FC-B1CC-07F98B3FC056}.Debug|Any CPU.ActiveCfg = Debug|Any CPU
		{3E02A029-A093-48FC-B1CC-07F98B3FC056}.Debug|Any CPU.Build.0 = Debug|Any CPU
		{3E02A029-A093-48FC-B1CC-07F98B3FC056}.Debug|Mixed Platforms.ActiveCfg = Debug|Any CPU
		{3E02A029-A093-48FC-B1CC-07F98B3FC056}.Debug|Mixed Platforms.Build.0 = Debug|Any CPU
		{3E02A029-A093-48FC-B1CC-07F98B3FC056}.Debug|x86.ActiveCfg = Debug|Any CPU
		{3E02A029-A093-48FC-B1CC-07F98B3FC056}.Release|Any CPU.ActiveCfg = Release|Any CPU
		{3E02A029-A093-48FC-B1CC-07F98B3FC056}.Release|Any CPU.Build.0 = Release|Any CPU
		{3E02A029-A093-48FC-B1CC-07F98B3FC056}.Release|Mixed Platforms.ActiveCfg = Release|Any CPU
		{3E02A029-A093-48FC-B1CC-07F98B3FC056}.Release|Mixed Platforms.Build.0 = Release|Any CPU
		{3E02A029-A093-48FC-B1CC-07F98B3FC056}.Release|x86.ActiveCfg = Release|Any CPU
		{2D19A9C3-5E60-4FB8-B137-E6E6FC5B246D}.Debug|Any CPU.ActiveCfg = Debug|x86
		{2D19A9C3-5E60-4FB8-B137-E6E6FC5B246D}.Debug|Mixed Platforms.ActiveCfg = Debug|x86
		{2D19A9C3-5E60-4FB8-B137-E6E6FC5B246D}.Debug|Mixed Platforms.Build.0 = Debug|x86
		{2D19A9C3-5E60-4FB8-B137-E6E6FC5B246D}.Debug|x86.ActiveCfg = Debug|x86
		{2D19A9C3-5E60-4FB8-B137-E6E6FC5B246D}.Debug|x86.Build.0 = Debug|x86
		{2D19A9C3-5E60-4FB8-B137-E6E6FC5B246D}.Release|Any CPU.ActiveCfg = Release|x86
		{2D19A9C3-5E60-4FB8-B137-E6E6FC5B246D}.Release|Mixed Platforms.ActiveCfg = Release|x86
		{2D19A9C3-5E60-4FB8-B137-E6E6FC5B246D}.Release|Mixed Platforms.Build.0 = Release|x86
		{2D19A9C3-5E60-4FB8-B137-E6E6FC5B246D}.Release|x86.ActiveCfg = Release|x86
		{2D19A9C3-5E60-4FB8-B137-E6E6FC5B246D}.Release|x86.Build.0 = Release|x86
		{AE178407-B8B8-4F97-8613-FB88FEAD17A9}.Debug|Any CPU.ActiveCfg = Debug|Any CPU
		{AE178407-B8B8-4F97-8613-FB88FEAD17A9}.Debug|Any CPU.Build.0 = Debug|Any CPU
		{AE178407-B8B8-4F97-8613-FB88FEAD17A9}.Debug|Mixed Platforms.ActiveCfg = Debug|Any CPU
		{AE178407-B8B8-4F97-8613-FB88FEAD17A9}.Debug|Mixed Platforms.Build.0 = Debug|Any CPU
		{AE178407-B8B8-4F97-8613-FB88FEAD17A9}.Debug|x86.ActiveCfg = Debug|Any CPU
		{AE178407-B8B8-4F97-8613-FB88FEAD17A9}.Release|Any CPU.ActiveCfg = Release|Any CPU
		{AE178407-B8B8-4F97-8613-FB88FEAD17A9}.Release|Any CPU.Build.0 = Release|Any CPU
		{AE178407-B8B8-4F97-8613-FB88FEAD17A9}.Release|Mixed Platforms.ActiveCfg = Release|Any CPU
		{AE178407-B8B8-4F97-8613-FB88FEAD17A9}.Release|Mixed Platforms.Build.0 = Release|Any CPU
		{AE178407-B8B8-4F97-8613-FB88FEAD17A9}.Release|x86.ActiveCfg = Release|Any CPU
		{AD6CCA72-D788-4104-BF27-61A918C6D1D0}.Debug|Any CPU.ActiveCfg = Debug|Any CPU
		{AD6CCA72-D788-4104-BF27-61A918C6D1D0}.Debug|Any CPU.Build.0 = Debug|Any CPU
		{AD6CCA72-D788-4104-BF27-61A918C6D1D0}.Debug|Mixed Platforms.ActiveCfg = Debug|Any CPU
		{AD6CCA72-D788-4104-BF27-61A918C6D1D0}.Debug|Mixed Platforms.Build.0 = Debug|Any CPU
		{AD6CCA72-D788-4104-BF27-61A918C6D1D0}.Debug|x86.ActiveCfg = Debug|Any CPU
		{AD6CCA72-D788-4104-BF27-61A918C6D1D0}.Release|Any CPU.ActiveCfg = Release|Any CPU
		{AD6CCA72-D788-4104-BF27-61A918C6D1D0}.Release|Any CPU.Build.0 = Release|Any CPU
		{AD6CCA72-D788-4104-BF27-61A918C6D1D0}.Release|Mixed Platforms.ActiveCfg = Release|Any CPU
		{AD6CCA72-D788-4104-BF27-61A918C6D1D0}.Release|Mixed Platforms.Build.0 = Release|Any CPU
		{AD6CCA72-D788-4104-BF27-61A918C6D1D0}.Release|x86.ActiveCfg = Release|Any CPU
	EndGlobalSection
	GlobalSection(SolutionProperties) = preSolution
		HideSolutionNode = FALSE
	EndGlobalSection
EndGlobal
