
Microsoft Visual Studio Solution File, Format Version 12.00
# Visual Studio 2012
Project("{FAE04EC0-301F-11D3-BF4B-00C04F79EFBC}") = "RDN.IP", "RDN.IP\RDN.IP.csproj", "{C48D47A2-FFC9-4960-8F9F-230A705BB10F}"
EndProject
Project("{FAE04EC0-301F-11D3-BF4B-00C04F79EFBC}") = "RDN.Mobile", "..\RDNation.Mobile\RDN.Mobile.csproj", "{946D7F1E-5C7E-4D64-87AA-CF300E4BA126}"
EndProject
Project("{FAE04EC0-301F-11D3-BF4B-00C04F79EFBC}") = "RDN.Utilities", "..\RDN.Utilities\RDN.Utilities.csproj", "{AE178407-B8B8-4F97-8613-FB88FEAD17A9}"
EndProject
Global
	GlobalSection(SolutionConfigurationPlatforms) = preSolution
		Ad-Hoc|Any CPU = Ad-Hoc|Any CPU
		Ad-Hoc|iPhone = Ad-Hoc|iPhone
		Ad-Hoc|iPhoneSimulator = Ad-Hoc|iPhoneSimulator
		Ad-Hoc|Mixed Platforms = Ad-Hoc|Mixed Platforms
		AppStore|Any CPU = AppStore|Any CPU
		AppStore|iPhone = AppStore|iPhone
		AppStore|iPhoneSimulator = AppStore|iPhoneSimulator
		AppStore|Mixed Platforms = AppStore|Mixed Platforms
		Debug|Any CPU = Debug|Any CPU
		Debug|iPhone = Debug|iPhone
		Debug|iPhoneSimulator = Debug|iPhoneSimulator
		Debug|Mixed Platforms = Debug|Mixed Platforms
		Release|Any CPU = Release|Any CPU
		Release|iPhone = Release|iPhone
		Release|iPhoneSimulator = Release|iPhoneSimulator
		Release|Mixed Platforms = Release|Mixed Platforms
	EndGlobalSection
	GlobalSection(ProjectConfigurationPlatforms) = postSolution
		{C48D47A2-FFC9-4960-8F9F-230A705BB10F}.Ad-Hoc|Any CPU.ActiveCfg = Ad-Hoc|iPhoneSimulator
		{C48D47A2-FFC9-4960-8F9F-230A705BB10F}.Ad-Hoc|iPhone.ActiveCfg = Ad-Hoc|iPhone
		{C48D47A2-FFC9-4960-8F9F-230A705BB10F}.Ad-Hoc|iPhone.Build.0 = Ad-Hoc|iPhone
		{C48D47A2-FFC9-4960-8F9F-230A705BB10F}.Ad-Hoc|iPhoneSimulator.ActiveCfg = Ad-Hoc|iPhoneSimulator
		{C48D47A2-FFC9-4960-8F9F-230A705BB10F}.Ad-Hoc|iPhoneSimulator.Build.0 = Ad-Hoc|iPhoneSimulator
		{C48D47A2-FFC9-4960-8F9F-230A705BB10F}.Ad-Hoc|Mixed Platforms.ActiveCfg = Ad-Hoc|iPhoneSimulator
		{C48D47A2-FFC9-4960-8F9F-230A705BB10F}.Ad-Hoc|Mixed Platforms.Build.0 = Ad-Hoc|iPhoneSimulator
		{C48D47A2-FFC9-4960-8F9F-230A705BB10F}.AppStore|Any CPU.ActiveCfg = AppStore|iPhoneSimulator
		{C48D47A2-FFC9-4960-8F9F-230A705BB10F}.AppStore|iPhone.ActiveCfg = AppStore|iPhone
		{C48D47A2-FFC9-4960-8F9F-230A705BB10F}.AppStore|iPhone.Build.0 = AppStore|iPhone
		{C48D47A2-FFC9-4960-8F9F-230A705BB10F}.AppStore|iPhoneSimulator.ActiveCfg = AppStore|iPhoneSimulator
		{C48D47A2-FFC9-4960-8F9F-230A705BB10F}.AppStore|iPhoneSimulator.Build.0 = AppStore|iPhoneSimulator
		{C48D47A2-FFC9-4960-8F9F-230A705BB10F}.AppStore|Mixed Platforms.ActiveCfg = AppStore|iPhoneSimulator
		{C48D47A2-FFC9-4960-8F9F-230A705BB10F}.AppStore|Mixed Platforms.Build.0 = AppStore|iPhoneSimulator
		{C48D47A2-FFC9-4960-8F9F-230A705BB10F}.Debug|Any CPU.ActiveCfg = Debug|iPhoneSimulator
		{C48D47A2-FFC9-4960-8F9F-230A705BB10F}.Debug|iPhone.ActiveCfg = Debug|iPhone
		{C48D47A2-FFC9-4960-8F9F-230A705BB10F}.Debug|iPhone.Build.0 = Debug|iPhone
		{C48D47A2-FFC9-4960-8F9F-230A705BB10F}.Debug|iPhoneSimulator.ActiveCfg = Debug|iPhoneSimulator
		{C48D47A2-FFC9-4960-8F9F-230A705BB10F}.Debug|iPhoneSimulator.Build.0 = Debug|iPhoneSimulator
		{C48D47A2-FFC9-4960-8F9F-230A705BB10F}.Debug|Mixed Platforms.ActiveCfg = Debug|iPhoneSimulator
		{C48D47A2-FFC9-4960-8F9F-230A705BB10F}.Debug|Mixed Platforms.Build.0 = Debug|iPhoneSimulator
		{C48D47A2-FFC9-4960-8F9F-230A705BB10F}.Release|Any CPU.ActiveCfg = Release|iPhoneSimulator
		{C48D47A2-FFC9-4960-8F9F-230A705BB10F}.Release|iPhone.ActiveCfg = Release|iPhone
		{C48D47A2-FFC9-4960-8F9F-230A705BB10F}.Release|iPhone.Build.0 = Release|iPhone
		{C48D47A2-FFC9-4960-8F9F-230A705BB10F}.Release|iPhoneSimulator.ActiveCfg = Release|iPhoneSimulator
		{C48D47A2-FFC9-4960-8F9F-230A705BB10F}.Release|iPhoneSimulator.Build.0 = Release|iPhoneSimulator
		{C48D47A2-FFC9-4960-8F9F-230A705BB10F}.Release|Mixed Platforms.ActiveCfg = Release|iPhoneSimulator
		{C48D47A2-FFC9-4960-8F9F-230A705BB10F}.Release|Mixed Platforms.Build.0 = Release|iPhoneSimulator
		{946D7F1E-5C7E-4D64-87AA-CF300E4BA126}.Ad-Hoc|Any CPU.ActiveCfg = Release|Any CPU
		{946D7F1E-5C7E-4D64-87AA-CF300E4BA126}.Ad-Hoc|Any CPU.Build.0 = Release|Any CPU
		{946D7F1E-5C7E-4D64-87AA-CF300E4BA126}.Ad-Hoc|iPhone.ActiveCfg = Release|Any CPU
		{946D7F1E-5C7E-4D64-87AA-CF300E4BA126}.Ad-Hoc|iPhoneSimulator.ActiveCfg = Release|Any CPU
		{946D7F1E-5C7E-4D64-87AA-CF300E4BA126}.Ad-Hoc|Mixed Platforms.ActiveCfg = Release|Any CPU
		{946D7F1E-5C7E-4D64-87AA-CF300E4BA126}.Ad-Hoc|Mixed Platforms.Build.0 = Release|Any CPU
		{946D7F1E-5C7E-4D64-87AA-CF300E4BA126}.AppStore|Any CPU.ActiveCfg = Release|Any CPU
		{946D7F1E-5C7E-4D64-87AA-CF300E4BA126}.AppStore|Any CPU.Build.0 = Release|Any CPU
		{946D7F1E-5C7E-4D64-87AA-CF300E4BA126}.AppStore|iPhone.ActiveCfg = Release|Any CPU
		{946D7F1E-5C7E-4D64-87AA-CF300E4BA126}.AppStore|iPhoneSimulator.ActiveCfg = Release|Any CPU
		{946D7F1E-5C7E-4D64-87AA-CF300E4BA126}.AppStore|Mixed Platforms.ActiveCfg = Release|Any CPU
		{946D7F1E-5C7E-4D64-87AA-CF300E4BA126}.AppStore|Mixed Platforms.Build.0 = Release|Any CPU
		{946D7F1E-5C7E-4D64-87AA-CF300E4BA126}.Debug|Any CPU.ActiveCfg = Debug|Any CPU
		{946D7F1E-5C7E-4D64-87AA-CF300E4BA126}.Debug|Any CPU.Build.0 = Debug|Any CPU
		{946D7F1E-5C7E-4D64-87AA-CF300E4BA126}.Debug|iPhone.ActiveCfg = Debug|Any CPU
		{946D7F1E-5C7E-4D64-87AA-CF300E4BA126}.Debug|iPhoneSimulator.ActiveCfg = Debug|Any CPU
		{946D7F1E-5C7E-4D64-87AA-CF300E4BA126}.Debug|Mixed Platforms.ActiveCfg = Debug|Any CPU
		{946D7F1E-5C7E-4D64-87AA-CF300E4BA126}.Debug|Mixed Platforms.Build.0 = Debug|Any CPU
		{946D7F1E-5C7E-4D64-87AA-CF300E4BA126}.Release|Any CPU.ActiveCfg = Release|Any CPU
		{946D7F1E-5C7E-4D64-87AA-CF300E4BA126}.Release|Any CPU.Build.0 = Release|Any CPU
		{946D7F1E-5C7E-4D64-87AA-CF300E4BA126}.Release|iPhone.ActiveCfg = Release|Any CPU
		{946D7F1E-5C7E-4D64-87AA-CF300E4BA126}.Release|iPhoneSimulator.ActiveCfg = Release|Any CPU
		{946D7F1E-5C7E-4D64-87AA-CF300E4BA126}.Release|Mixed Platforms.ActiveCfg = Release|Any CPU
		{946D7F1E-5C7E-4D64-87AA-CF300E4BA126}.Release|Mixed Platforms.Build.0 = Release|Any CPU
		{AE178407-B8B8-4F97-8613-FB88FEAD17A9}.Ad-Hoc|Any CPU.ActiveCfg = Release|Any CPU
		{AE178407-B8B8-4F97-8613-FB88FEAD17A9}.Ad-Hoc|Any CPU.Build.0 = Release|Any CPU
		{AE178407-B8B8-4F97-8613-FB88FEAD17A9}.Ad-Hoc|iPhone.ActiveCfg = Release|Any CPU
		{AE178407-B8B8-4F97-8613-FB88FEAD17A9}.Ad-Hoc|iPhoneSimulator.ActiveCfg = Release|Any CPU
		{AE178407-B8B8-4F97-8613-FB88FEAD17A9}.Ad-Hoc|Mixed Platforms.ActiveCfg = Release|Any CPU
		{AE178407-B8B8-4F97-8613-FB88FEAD17A9}.Ad-Hoc|Mixed Platforms.Build.0 = Release|Any CPU
		{AE178407-B8B8-4F97-8613-FB88FEAD17A9}.AppStore|Any CPU.ActiveCfg = Release|Any CPU
		{AE178407-B8B8-4F97-8613-FB88FEAD17A9}.AppStore|Any CPU.Build.0 = Release|Any CPU
		{AE178407-B8B8-4F97-8613-FB88FEAD17A9}.AppStore|iPhone.ActiveCfg = Release|Any CPU
		{AE178407-B8B8-4F97-8613-FB88FEAD17A9}.AppStore|iPhoneSimulator.ActiveCfg = Release|Any CPU
		{AE178407-B8B8-4F97-8613-FB88FEAD17A9}.AppStore|Mixed Platforms.ActiveCfg = Release|Any CPU
		{AE178407-B8B8-4F97-8613-FB88FEAD17A9}.AppStore|Mixed Platforms.Build.0 = Release|Any CPU
		{AE178407-B8B8-4F97-8613-FB88FEAD17A9}.Debug|Any CPU.ActiveCfg = Debug|Any CPU
		{AE178407-B8B8-4F97-8613-FB88FEAD17A9}.Debug|Any CPU.Build.0 = Debug|Any CPU
		{AE178407-B8B8-4F97-8613-FB88FEAD17A9}.Debug|iPhone.ActiveCfg = Debug|Any CPU
		{AE178407-B8B8-4F97-8613-FB88FEAD17A9}.Debug|iPhoneSimulator.ActiveCfg = Debug|Any CPU
		{AE178407-B8B8-4F97-8613-FB88FEAD17A9}.Debug|Mixed Platforms.ActiveCfg = Debug|Any CPU
		{AE178407-B8B8-4F97-8613-FB88FEAD17A9}.Debug|Mixed Platforms.Build.0 = Debug|Any CPU
		{AE178407-B8B8-4F97-8613-FB88FEAD17A9}.Release|Any CPU.ActiveCfg = Release|Any CPU
		{AE178407-B8B8-4F97-8613-FB88FEAD17A9}.Release|Any CPU.Build.0 = Release|Any CPU
		{AE178407-B8B8-4F97-8613-FB88FEAD17A9}.Release|iPhone.ActiveCfg = Release|Any CPU
		{AE178407-B8B8-4F97-8613-FB88FEAD17A9}.Release|iPhoneSimulator.ActiveCfg = Release|Any CPU
		{AE178407-B8B8-4F97-8613-FB88FEAD17A9}.Release|Mixed Platforms.ActiveCfg = Release|Any CPU
		{AE178407-B8B8-4F97-8613-FB88FEAD17A9}.Release|Mixed Platforms.Build.0 = Release|Any CPU
	EndGlobalSection
	GlobalSection(SolutionProperties) = preSolution
		HideSolutionNode = FALSE
	EndGlobalSection
EndGlobal
