
Microsoft Visual Studio Solution File, Format Version 12.00
# Visual Studio 2012
Project("{FAE04EC0-301F-11D3-BF4B-00C04F79EFBC}") = "RDN.TransactionHandler", "RDN.TransactionHandler\RDN.TransactionHandler.csproj", "{262EB711-D460-4347-A152-04F4AAC50B75}"
EndProject
Project("{FAE04EC0-301F-11D3-BF4B-00C04F79EFBC}") = "RDN.Library", "..\RDN.Library\RDN.Library.csproj", "{3E02A029-A093-48FC-B1CC-07F98B3FC056}"
EndProject
Project("{FAE04EC0-301F-11D3-BF4B-00C04F79EFBC}") = "RDN.Utilities", "..\RDN.Utilities\RDN.Utilities.csproj", "{AE178407-B8B8-4F97-8613-FB88FEAD17A9}"
EndProject
Project("{FAE04EC0-301F-11D3-BF4B-00C04F79EFBC}") = "Scoreboard.Library", "..\RDNScoreboard\RDN.Scoreboard.Library\Scoreboard.Library.csproj", "{AD6CCA72-D788-4104-BF27-61A918C6D1D0}"
EndProject
Global
	GlobalSection(SolutionConfigurationPlatforms) = preSolution
		Debug|Any CPU = Debug|Any CPU
		Release|Any CPU = Release|Any CPU
	EndGlobalSection
	GlobalSection(ProjectConfigurationPlatforms) = postSolution
		{262EB711-D460-4347-A152-04F4AAC50B75}.Debug|Any CPU.ActiveCfg = Debug|Any CPU
		{262EB711-D460-4347-A152-04F4AAC50B75}.Debug|Any CPU.Build.0 = Debug|Any CPU
		{262EB711-D460-4347-A152-04F4AAC50B75}.Release|Any CPU.ActiveCfg = Release|Any CPU
		{262EB711-D460-4347-A152-04F4AAC50B75}.Release|Any CPU.Build.0 = Release|Any CPU
		{3E02A029-A093-48FC-B1CC-07F98B3FC056}.Debug|Any CPU.ActiveCfg = Debug|Any CPU
		{3E02A029-A093-48FC-B1CC-07F98B3FC056}.Debug|Any CPU.Build.0 = Debug|Any CPU
		{3E02A029-A093-48FC-B1CC-07F98B3FC056}.Release|Any CPU.ActiveCfg = Release|Any CPU
		{3E02A029-A093-48FC-B1CC-07F98B3FC056}.Release|Any CPU.Build.0 = Release|Any CPU
		{AD6CCA72-D788-4104-BF27-61A918C6D1D0}.Debug|Any CPU.ActiveCfg = Debug|Any CPU
		{AD6CCA72-D788-4104-BF27-61A918C6D1D0}.Debug|Any CPU.Build.0 = Debug|Any CPU
		{AD6CCA72-D788-4104-BF27-61A918C6D1D0}.Release|Any CPU.ActiveCfg = Release|Any CPU
		{AD6CCA72-D788-4104-BF27-61A918C6D1D0}.Release|Any CPU.Build.0 = Release|Any CPU
		{AE178407-B8B8-4F97-8613-FB88FEAD17A9}.Debug|Any CPU.ActiveCfg = Debug|Any CPU
		{AE178407-B8B8-4F97-8613-FB88FEAD17A9}.Debug|Any CPU.Build.0 = Debug|Any CPU
		{AE178407-B8B8-4F97-8613-FB88FEAD17A9}.Release|Any CPU.ActiveCfg = Release|Any CPU
		{AE178407-B8B8-4F97-8613-FB88FEAD17A9}.Release|Any CPU.Build.0 = Release|Any CPU
	EndGlobalSection
	GlobalSection(SolutionProperties) = preSolution
		HideSolutionNode = FALSE
	EndGlobalSection
EndGlobal
